{
  "name": "lesson02",
  "version": "1.0.0",
  "lockfileVersion": 1,
  "requires": true,
  "dependencies": {
    "prettier-plugin-tailwindcss": {
      "version": "0.2.3",
      "resolved": "https://registry.npmjs.org/prettier-plugin-tailwindcss/-/prettier-plugin-tailwindcss-0.2.3.tgz",
      "integrity": "sha512-s2N5Dh7Ao5KTV1mao5ZBnn8EKtUcDPJEkGViZIjI0Ij9TTI5zgTz4IHOxW33jOdjHKa8CSjM88scelUiC5TNRQ==",
      "dev": true
    }
  }
}
